version = 1
revision = 3
requires-python = ">=3.14"

[[package]]
name = "automation-management-gui"
version = "0.1.0"
source = { virtual = "." }
dependencies = [
    { name = "duckdb" },
    { name = "imgui-bundle" },
    { name = "openpyxl" },
    { name = "python-dotenv" },
]

[package.metadata]
requires-dist = [
    { name = "duckdb", specifier = ">=1.5.2" },
    { name = "imgui-bundle", specifier = ">=1.92.801" },
    { name = "openpyxl", specifier = ">=3.1.5" },
    { name = "python-dotenv", specifier = ">=1.2.2" },
]

[[package]]
name = "duckdb"
version = "1.5.4"
source = { registry = "https://pypi.org/simple" }
sdist = { url = "https://files.pythonhosted.org/packages/31/29/9bad86ed7aa812d8c822a27c15c355b6d5423b991feeec86ed18027b6daa/duckdb-1.5.4.tar.gz", hash = "sha256:f9e32f1cdd106793d79d190186bed9e75289d51e68bd9174e47c04bffedeab6f", size = 18046634, upload-time = "2026-06-17T10:48:52.499Z" }
wheels = [
    { url = "https://files.pythonhosted.org/packages/62/01/67ac4cbc8e552a1e14c029b5c443d828e68f94d5d913c574f577e1db277e/duckdb-1.5.4-cp314-cp314-macosx_10_15_universal2.whl", hash = "sha256:4647968629d0677bbcc2416c7aeda8685eb84e4ca15a6dbd4f82a66cfc91a532", size = 32714364, upload-time = "2026-06-17T10:48:34.724Z" },
    { url = "https://files.pythonhosted.org/packages/4e/0e/eb44d983fa56b175f971eea251bde284a36d26cbb93fcb68035061f54078/duckdb-1.5.4-cp314-cp314-macosx_10_15_x86_64.whl", hash = "sha256:e8fcef301cf68d3951ea1eb8ac4d76cea0a6f6a08f4c78fe4026fc96d217bebc", size = 17349820, upload-time = "2026-06-17T10:48:37.126Z" },
    { url = "https://files.pythonhosted.org/packages/10/b2/b9dc7624b105d414585b8530451c1162c0b4750c0be9be2e497bb47a8a9b/duckdb-1.5.4-cp314-cp314-macosx_11_0_arm64.whl", hash = "sha256:f6f39cd0dc6948dee17fd130aec55114f97a8ef6e1db519b9774087962bc5c8c", size = 15498160, upload-time = "2026-06-17T10:48:40.032Z" },
    { url = "https://files.pythonhosted.org/packages/b7/57/61356444f6a8c62dec3c3d129abfc53f428de1d484093d1bb381db441231/duckdb-1.5.4-cp314-cp314-manylinux_2_26_aarch64.manylinux_2_28_aarch64.whl", hash = "sha256:262f068158beb5943f2c618f4e54b46db8306b959f90dce956f90a89f613673d", size = 19374183, upload-time = "2026-06-17T10:48:42.698Z" },
    { url = "https://files.pythonhosted.org/packages/b0/f4/d5d633dd7c5138d8f7c434e6ac2553c831b7fb658494efa8d0bc73df8623/duckdb-1.5.4-cp314-cp314-manylinux_2_26_x86_64.manylinux_2_28_x86_64.whl", hash = "sha256:4d2307a76d199077b0055b354e90e857479461a0d875437535dd4833172c8b6d", size = 21487202, upload-time = "2026-06-17T10:48:45.407Z" },
    { url = "https://files.pythonhosted.org/packages/c0/26/5be13bbd5c3421dccfc1ad4ca9da4b97c5a3ddd73f66542092f3167ec52c/duckdb-1.5.4-cp314-cp314-win_amd64.whl", hash = "sha256:6dcbb81a1276bc48deb4d562bce4f8895e4fc6348750a096e30052345c6d6552", size = 13666989, upload-time = "2026-06-17T10:48:47.764Z" },
    { url = "https://files.pythonhosted.org/packages/dc/82/4d52f3f9f9703a226b26b80bdae3f6905aeefe5221bf1815fc93ff02ca25/duckdb-1.5.4-cp314-cp314-win_arm64.whl", hash = "sha256:0f8722346024e5d9f02b58bf7b0491a629f97fdc8a04a10e432940f471ee387a", size = 14449863, upload-time = "2026-06-17T10:48:50.18Z" },
]

[[package]]
name = "et-xmlfile"
version = "2.0.0"
source = { registry = "https://pypi.org/simple" }
sdist = { url = "https://files.pythonhosted.org/packages/d3/38/af70d7ab1ae9d4da450eeec1fa3918940a5fafb9055e934af8d6eb0c2313/et_xmlfile-2.0.0.tar.gz", hash = "sha256:dab3f4764309081ce75662649be815c4c9081e88f0837825f90fd28317d4da54", size = 17234, upload-time = "2024-10-25T17:25:40.039Z" }
wheels = [
    { url = "https://files.pythonhosted.org/packages/c1/8b/5fe2cc11fee489817272089c4203e679c63b570a5aaeb18d852ae3cbba6a/et_xmlfile-2.0.0-py3-none-any.whl", hash = "sha256:7a91720bc756843502c3b7504c77b8fe44217c85c537d85037f0f536151b2caa", size = 18059, upload-time = "2024-10-25T17:25:39.051Z" },
]

[[package]]
name = "imgui-bundle"
version = "1.92.801"
source = { registry = "https://pypi.org/simple" }
sdist = { url = "https://files.pythonhosted.org/packages/c1/b9/4217165c5fa832dbe662c2d96f0810aa7280eb2cc3bcae2b7ac4260e3f08/imgui_bundle-1.92.801.tar.gz", hash = "sha256:7d790708affe7476969d397784b40eb91760a201ce752131e5bedf4d514e3a45", size = 48343289, upload-time = "2026-05-13T13:34:13.972Z" }
wheels = [
    { url = "https://files.pythonhosted.org/packages/b0/9e/482dcc3df4d8fcb46fbdbed52b055b5de07eab82d9bec0a1b3c5d280f7fd/imgui_bundle-1.92.801-cp314-cp314-macosx_14_0_arm64.whl", hash = "sha256:1a13952a7420794666abafbbfadf0e755b6b18e0b677b7f3f744469b71066c73", size = 10162464, upload-time = "2026-05-13T13:33:52.194Z" },
    { url = "https://files.pythonhosted.org/packages/29/93/470e3e9a71aeb1559c84651196e93678ccdf1729d5c6365051346a771356/imgui_bundle-1.92.801-cp314-cp314-manylinux_2_28_aarch64.whl", hash = "sha256:57e7e3bc18ac4d93ae796cd6f403b82c0a28be105848376a70b3a7075385d91d", size = 12244332, upload-time = "2026-05-13T13:33:54.821Z" },
    { url = "https://files.pythonhosted.org/packages/0a/44/b9eb9da81b7dd74eaba8b39af07d8d95717c2b2e251b6c3475d8f95a6195/imgui_bundle-1.92.801-cp314-cp314-manylinux_2_28_x86_64.whl", hash = "sha256:74a4ab84bc4336c9025c6c96033f44904a667a285ad188f31ca2c595f4fea1f0", size = 13339617, upload-time = "2026-05-13T13:33:57.848Z" },
    { url = "https://files.pythonhosted.org/packages/82/55/fe08eec7a64989beb2e970a775e279b4d6ab11d113849a4fc60d56154766/imgui_bundle-1.92.801-cp314-cp314-musllinux_1_2_aarch64.whl", hash = "sha256:5f56121d0ea45a92a291722ae235e8d8ad00eecf4afbbe5fa683b20dc4d077ed", size = 13297473, upload-time = "2026-05-13T13:34:00.843Z" },
    { url = "https://files.pythonhosted.org/packages/70/00/cab90cfb276a7843091a92899f4ec1d8289daf8add6a48322cd7d6b20b2c/imgui_bundle-1.92.801-cp314-cp314-musllinux_1_2_x86_64.whl", hash = "sha256:93e07d4623292b4cb8b0d7d62f5bc066d544c3d1f0902213c9713d9739e21ecf", size = 14199832, upload-time = "2026-05-13T13:34:03.852Z" },
    { url = "https://files.pythonhosted.org/packages/82/f3/6c3d3e031169bc07244d212f2ba81c52d9d77e53c56881f2c738bbc9f5ff/imgui_bundle-1.92.801-cp314-cp314-pyemscripten_2026_0_wasm32.whl", hash = "sha256:dbfeb4dcd766d8622f76f0f115fe96021e02435dfc98539516de2af1c93f42ba", size = 4962249, upload-time = "2026-06-12T15:31:12.173Z" },
    { url = "https://files.pythonhosted.org/packages/00/b9/5e625a50ff71773752e45145f39452bf2988dc6440089414941341b30bc1/imgui_bundle-1.92.801-cp314-cp314-win_amd64.whl", hash = "sha256:555d37df1fdde62d4d6bfaf985de90cbac6618358d65f1050d0a33269e88e230", size = 11384993, upload-time = "2026-05-13T13:34:06.62Z" },
    { url = "https://files.pythonhosted.org/packages/d1/4c/dbf7b4141694e4841450db778a8f68e98b2bde48d05e985e372cd3b21b06/imgui_bundle-1.92.801-cp314-cp314-win_arm64.whl", hash = "sha256:d0c73b38860996a7e6608d83e9d8d6a4d40f84968085583de58ecf89de479bd8", size = 10937072, upload-time = "2026-05-13T13:34:09.193Z" },
]

[[package]]
name = "openpyxl"
version = "3.1.5"
source = { registry = "https://pypi.org/simple" }
dependencies = [
    { name = "et-xmlfile" },
]
sdist = { url = "https://files.pythonhosted.org/packages/3d/f9/88d94a75de065ea32619465d2f77b29a0469500e99012523b91cc4141cd1/openpyxl-3.1.5.tar.gz", hash = "sha256:cf0e3cf56142039133628b5acffe8ef0c12bc902d2aadd3e0fe5878dc08d1050", size = 186464, upload-time = "2024-06-28T14:03:44.161Z" }
wheels = [
    { url = "https://files.pythonhosted.org/packages/c0/da/977ded879c29cbd04de313843e76868e6e13408a94ed6b987245dc7c8506/openpyxl-3.1.5-py2.py3-none-any.whl", hash = "sha256:5282c12b107bffeef825f4617dc029afaf41d0ea60823bbb665ef3079dc79de2", size = 250910, upload-time = "2024-06-28T14:03:41.161Z" },
]

[[package]]
name = "python-dotenv"
version = "1.2.2"
source = { registry = "https://pypi.org/simple" }
sdist = { url = "https://files.pythonhosted.org/packages/82/ed/0301aeeac3e5353ef3d94b6ec08bbcabd04a72018415dcb29e588514bba8/python_dotenv-1.2.2.tar.gz", hash = "sha256:2c371a91fbd7ba082c2c1dc1f8bf89ca22564a087c2c287cd9b662adde799cf3", size = 50135, upload-time = "2026-03-01T16:00:26.196Z" }
wheels = [
    { url = "https://files.pythonhosted.org/packages/0b/d7/1959b9648791274998a9c3526f6d0ec8fd2233e4d4acce81bbae76b44b2a/python_dotenv-1.2.2-py3-none-any.whl", hash = "sha256:1d8214789a24de455a8b8bd8ae6fe3c6b69a5e3d64aa8a8e5d68e694bbcb285a", size = 22101, upload-time = "2026-03-01T16:00:25.09Z" },
]
